
Microsoft Visual Studio Solution File, Format Version 12.00
# Visual Studio Version 17
VisualStudioVersion = 17.0.32112.339
MinimumVisualStudioVersion = 10.0.40219.1
Project("{FAE04EC0-301F-11D3-BF4B-00C04F79EFBC}") = "TimelyWebAPI", "TimelyWebAPI\TimelyWebAPI.csproj", "{00495F78-063D-4912-8808-FE1A0E4423DC}"
EndProject
Project("{FAE04EC0-301F-11D3-BF4B-00C04F79EFBC}") = "DomainModels", "DomainModels\DomainModels.csproj", "{0E57C081-0CC3-4BE8-8ED9-330AA83D13CE}"
EndProject
Project("{54A90642-561A-4BB1-A94E-469ADEE60C69}") = "TimelyAngularServer", "TimelyAngularServer\TimelyAngularServer.esproj", "{4D3BEE9F-61AE-46FC-9894-855DA36E3F83}"
EndProject
Global
	GlobalSection(SolutionConfigurationPlatforms) = preSolution
		Debug|Any CPU = Debug|Any CPU
		Release|Any CPU = Release|Any CPU
	EndGlobalSection
	GlobalSection(ProjectConfigurationPlatforms) = postSolution
		{00495F78-063D-4912-8808-FE1A0E4423DC}.Debug|Any CPU.ActiveCfg = Debug|Any CPU
		{00495F78-063D-4912-8808-FE1A0E4423DC}.Debug|Any CPU.Build.0 = Debug|Any CPU
		{00495F78-063D-4912-8808-FE1A0E4423DC}.Release|Any CPU.ActiveCfg = Release|Any CPU
		{00495F78-063D-4912-8808-FE1A0E4423DC}.Release|Any CPU.Build.0 = Release|Any CPU
		{0E57C081-0CC3-4BE8-8ED9-330AA83D13CE}.Debug|Any CPU.ActiveCfg = Debug|Any CPU
		{0E57C081-0CC3-4BE8-8ED9-330AA83D13CE}.Debug|Any CPU.Build.0 = Debug|Any CPU
		{0E57C081-0CC3-4BE8-8ED9-330AA83D13CE}.Release|Any CPU.ActiveCfg = Release|Any CPU
		{0E57C081-0CC3-4BE8-8ED9-330AA83D13CE}.Release|Any CPU.Build.0 = Release|Any CPU
		{4D3BEE9F-61AE-46FC-9894-855DA36E3F83}.Debug|Any CPU.ActiveCfg = Debug|Any CPU
		{4D3BEE9F-61AE-46FC-9894-855DA36E3F83}.Debug|Any CPU.Build.0 = Debug|Any CPU
		{4D3BEE9F-61AE-46FC-9894-855DA36E3F83}.Debug|Any CPU.Deploy.0 = Debug|Any CPU
		{4D3BEE9F-61AE-46FC-9894-855DA36E3F83}.Release|Any CPU.ActiveCfg = Release|Any CPU
		{4D3BEE9F-61AE-46FC-9894-855DA36E3F83}.Release|Any CPU.Build.0 = Release|Any CPU
		{4D3BEE9F-61AE-46FC-9894-855DA36E3F83}.Release|Any CPU.Deploy.0 = Release|Any CPU
	EndGlobalSection
	GlobalSection(SolutionProperties) = preSolution
		HideSolutionNode = FALSE
	EndGlobalSection
	GlobalSection(ExtensibilityGlobals) = postSolution
		SolutionGuid = {776C7040-864C-481D-975A-5CD3A40DA464}
	EndGlobalSection
EndGlobal
